
Microsoft Visual Studio Solution File, Format Version 12.00
# Visual Studio Version 17
VisualStudioVersion = 17.3.32825.248
MinimumVisualStudioVersion = 10.0.40219.1
Project("{FAE04EC0-301F-11D3-BF4B-00C04F79EFBC}") = "Topic 5 Pt 3", "Topic 5 Pt 3\Topic 5 Pt 3.csproj", "{C9697C5C-1E9D-4A58-A5AD-888F41FC1A7A}"
EndProject
Global
	GlobalSection(SolutionConfigurationPlatforms) = preSolution
		Debug|Any CPU = Debug|Any CPU
		Release|Any CPU = Release|Any CPU
	EndGlobalSection
	GlobalSection(ProjectConfigurationPlatforms) = postSolution
		{C9697C5C-1E9D-4A58-A5AD-888F41FC1A7A}.Debug|Any CPU.ActiveCfg = Debug|Any CPU
		{C9697C5C-1E9D-4A58-A5AD-888F41FC1A7A}.Debug|Any CPU.Build.0 = Debug|Any CPU
		{C9697C5C-1E9D-4A58-A5AD-888F41FC1A7A}.Release|Any CPU.ActiveCfg = Release|Any CPU
		{C9697C5C-1E9D-4A58-A5AD-888F41FC1A7A}.Release|Any CPU.Build.0 = Release|Any CPU
	EndGlobalSection
	GlobalSection(SolutionProperties) = preSolution
		HideSolutionNode = FALSE
	EndGlobalSection
	GlobalSection(ExtensibilityGlobals) = postSolution
		SolutionGuid = {DD46032B-D9D7-43F7-98B2-60DBBCB2915D}
	EndGlobalSection
EndGlobal
